{
  "name": "octopeth",
  "version": "0.0.0",
  "lockfileVersion": 1,
  "requires": true,
  "dependencies": {
    "nan": {
      "version": "2.10.0",
      "resolved": "https://registry.npmjs.org/nan/-/nan-2.10.0.tgz",
      "integrity": "sha512-bAdJv7fBLhWC+/Bls0Oza+mvTaNQtP+1RyhhhvD95pgUJz6XM5IzgmxOkItJ9tkoCiplvAnXI1tNmmUD/eScyA=="
    },
    "sha3": {
      "version": "1.2.2",
      "resolved": "https://registry.npmjs.org/sha3/-/sha3-1.2.2.tgz",
      "integrity": "sha1-pmxQmN5MJbyIM27ItIF9AFvKe6k=",
      "requires": {
        "nan": "2.10.0"
      }
    },
    "yarn": {
      "version": "1.7.0",
      "resolved": "https://registry.npmjs.org/yarn/-/yarn-1.7.0.tgz",
      "integrity": "sha1-AHa5/eYBDgGVBSamCbxTvBde+SU="
    }
  }
}
